
Microsoft Visual Studio Solution File, Format Version 12.00
# Visual Studio Version 17
VisualStudioVersion = 17.4.33403.182
MinimumVisualStudioVersion = 10.0.40219.1
Project("{FAE04EC0-301F-11D3-BF4B-00C04F79EFBC}") = "warunki1", "warunki1.csproj", "{49896D69-B931-483B-8848-E39E5C602F17}"
EndProject
Global
	GlobalSection(SolutionConfigurationPlatforms) = preSolution
		Debug|Any CPU = Debug|Any CPU
		Release|Any CPU = Release|Any CPU
	EndGlobalSection
	GlobalSection(ProjectConfigurationPlatforms) = postSolution
		{49896D69-B931-483B-8848-E39E5C602F17}.Debug|Any CPU.ActiveCfg = Debug|Any CPU
		{49896D69-B931-483B-8848-E39E5C602F17}.Debug|Any CPU.Build.0 = Debug|Any CPU
		{49896D69-B931-483B-8848-E39E5C602F17}.Release|Any CPU.ActiveCfg = Release|Any CPU
		{49896D69-B931-483B-8848-E39E5C602F17}.Release|Any CPU.Build.0 = Release|Any CPU
	EndGlobalSection
	GlobalSection(SolutionProperties) = preSolution
		HideSolutionNode = FALSE
	EndGlobalSection
	GlobalSection(ExtensibilityGlobals) = postSolution
		SolutionGuid = {783CD5F2-52FA-49F7-A83B-6BE878B25AB4}
	EndGlobalSection
EndGlobal
