
Microsoft Visual Studio Solution File, Format Version 12.00
# Visual Studio Version 17
VisualStudioVersion = 17.4.33403.182
MinimumVisualStudioVersion = 10.0.40219.1
Project("{FAE04EC0-301F-11D3-BF4B-00C04F79EFBC}") = "warunki4", "warunki4.csproj", "{A9C56A67-7FC2-4AFA-B126-0982D896DDBB}"
EndProject
Global
	GlobalSection(SolutionConfigurationPlatforms) = preSolution
		Debug|Any CPU = Debug|Any CPU
		Release|Any CPU = Release|Any CPU
	EndGlobalSection
	GlobalSection(ProjectConfigurationPlatforms) = postSolution
		{A9C56A67-7FC2-4AFA-B126-0982D896DDBB}.Debug|Any CPU.ActiveCfg = Debug|Any CPU
		{A9C56A67-7FC2-4AFA-B126-0982D896DDBB}.Debug|Any CPU.Build.0 = Debug|Any CPU
		{A9C56A67-7FC2-4AFA-B126-0982D896DDBB}.Release|Any CPU.ActiveCfg = Release|Any CPU
		{A9C56A67-7FC2-4AFA-B126-0982D896DDBB}.Release|Any CPU.Build.0 = Release|Any CPU
	EndGlobalSection
	GlobalSection(SolutionProperties) = preSolution
		HideSolutionNode = FALSE
	EndGlobalSection
	GlobalSection(ExtensibilityGlobals) = postSolution
		SolutionGuid = {5535F41F-A5AE-4CC6-83ED-6B7E7FE2E6DA}
	EndGlobalSection
EndGlobal
